
Microsoft Visual Studio Solution File, Format Version 12.00
# Visual Studio 15
Project("{FAE04EC0-301F-11D3-BF4B-00C04F79EFBC}") = "Assembly-CSharp", "Assembly-CSharp.csproj", "{E9C2061C-0F5B-B359-9184-8B15ED28A977}"
EndProject
Global
	GlobalSection(SolutionConfigurationPlatforms) = preSolution
		Debug|Any CPU = Debug|Any CPU
		Release|Any CPU = Release|Any CPU
	EndGlobalSection
	GlobalSection(ProjectConfigurationPlatforms) = postSolution
		{E9C2061C-0F5B-B359-9184-8B15ED28A977}.Debug|Any CPU.ActiveCfg = Debug|Any CPU
		{E9C2061C-0F5B-B359-9184-8B15ED28A977}.Debug|Any CPU.Build.0 = Debug|Any CPU
		{E9C2061C-0F5B-B359-9184-8B15ED28A977}.Release|Any CPU.ActiveCfg = Release|Any CPU
		{E9C2061C-0F5B-B359-9184-8B15ED28A977}.Release|Any CPU.Build.0 = Release|Any CPU
	EndGlobalSection
	GlobalSection(SolutionProperties) = preSolution
		HideSolutionNode = FALSE
	EndGlobalSection
EndGlobal
